
Microsoft Visual Studio Solution File, Format Version 12.00
# Visual Studio Version 17
VisualStudioVersion = 17.5.33530.505
MinimumVisualStudioVersion = 10.0.40219.1
Project("{FAE04EC0-301F-11D3-BF4B-00C04F79EFBC}") = "MSV2Lab", "MSV2Lab.csproj", "{EA0F4F83-9CD9-415A-BCF5-769376183570}"
EndProject
Project("{FAE04EC0-301F-11D3-BF4B-00C04F79EFBC}") = "TestProject2", "..\TestProject2\TestProject2.csproj", "{C2E24537-B4E6-410D-AB86-AFDCE4FD0474}"
EndProject
Global
	GlobalSection(SolutionConfigurationPlatforms) = preSolution
		Debug|Any CPU = Debug|Any CPU
		Release|Any CPU = Release|Any CPU
	EndGlobalSection
	GlobalSection(ProjectConfigurationPlatforms) = postSolution
		{EA0F4F83-9CD9-415A-BCF5-769376183570}.Debug|Any CPU.ActiveCfg = Debug|Any CPU
		{EA0F4F83-9CD9-415A-BCF5-769376183570}.Debug|Any CPU.Build.0 = Debug|Any CPU
		{EA0F4F83-9CD9-415A-BCF5-769376183570}.Release|Any CPU.ActiveCfg = Release|Any CPU
		{EA0F4F83-9CD9-415A-BCF5-769376183570}.Release|Any CPU.Build.0 = Release|Any CPU
		{C2E24537-B4E6-410D-AB86-AFDCE4FD0474}.Debug|Any CPU.ActiveCfg = Debug|Any CPU
		{C2E24537-B4E6-410D-AB86-AFDCE4FD0474}.Debug|Any CPU.Build.0 = Debug|Any CPU
		{C2E24537-B4E6-410D-AB86-AFDCE4FD0474}.Release|Any CPU.ActiveCfg = Release|Any CPU
		{C2E24537-B4E6-410D-AB86-AFDCE4FD0474}.Release|Any CPU.Build.0 = Release|Any CPU
	EndGlobalSection
	GlobalSection(SolutionProperties) = preSolution
		HideSolutionNode = FALSE
	EndGlobalSection
	GlobalSection(ExtensibilityGlobals) = postSolution
		SolutionGuid = {11D7DDC6-CAB9-483A-8467-D27A6DC86172}
	EndGlobalSection
EndGlobal
