
Microsoft Visual Studio Solution File, Format Version 12.00
# Visual Studio Version 17
VisualStudioVersion = 17.5.33530.505
MinimumVisualStudioVersion = 10.0.40219.1
Project("{FAE04EC0-301F-11D3-BF4B-00C04F79EFBC}") = "MSV", "MSV.csproj", "{0BA6FDB3-FBD6-4A2A-8313-CF42D0C0083F}"
EndProject
Project("{FAE04EC0-301F-11D3-BF4B-00C04F79EFBC}") = "Tests", "..\Tests\Tests.csproj", "{1E235E7F-93F9-4C14-820C-2DE4FBF72524}"
EndProject
Global
	GlobalSection(SolutionConfigurationPlatforms) = preSolution
		Debug|Any CPU = Debug|Any CPU
		Release|Any CPU = Release|Any CPU
	EndGlobalSection
	GlobalSection(ProjectConfigurationPlatforms) = postSolution
		{0BA6FDB3-FBD6-4A2A-8313-CF42D0C0083F}.Debug|Any CPU.ActiveCfg = Debug|Any CPU
		{0BA6FDB3-FBD6-4A2A-8313-CF42D0C0083F}.Debug|Any CPU.Build.0 = Debug|Any CPU
		{0BA6FDB3-FBD6-4A2A-8313-CF42D0C0083F}.Release|Any CPU.ActiveCfg = Release|Any CPU
		{0BA6FDB3-FBD6-4A2A-8313-CF42D0C0083F}.Release|Any CPU.Build.0 = Release|Any CPU
		{1E235E7F-93F9-4C14-820C-2DE4FBF72524}.Debug|Any CPU.ActiveCfg = Debug|Any CPU
		{1E235E7F-93F9-4C14-820C-2DE4FBF72524}.Debug|Any CPU.Build.0 = Debug|Any CPU
		{1E235E7F-93F9-4C14-820C-2DE4FBF72524}.Release|Any CPU.ActiveCfg = Release|Any CPU
		{1E235E7F-93F9-4C14-820C-2DE4FBF72524}.Release|Any CPU.Build.0 = Release|Any CPU
	EndGlobalSection
	GlobalSection(SolutionProperties) = preSolution
		HideSolutionNode = FALSE
	EndGlobalSection
	GlobalSection(ExtensibilityGlobals) = postSolution
		SolutionGuid = {0AACC990-56F8-4B6D-9877-7EA48234EDBA}
	EndGlobalSection
EndGlobal
